
Microsoft Visual Studio Solution File, Format Version 12.00
# Visual Studio Version 17
VisualStudioVersion = 17.3.32825.248
MinimumVisualStudioVersion = 10.0.40219.1
Project("{9A19103F-16F7-4668-BE54-9A1E7A4F7556}") = "Mana", "src\Mana.csproj", "{E980004A-51E5-41E9-864D-B2BD941B1328}"
EndProject
Project("{2150E333-8FDC-42A3-9474-1A3956D46DE8}") = "Solution Items", "Solution Items", "{BA7DA687-3B73-4AD4-933E-7920BF3E11DF}"
	ProjectSection(SolutionItems) = preProject
		README.md = README.md
		.dockerignore = .dockerignore
		Dockerfile = Dockerfile
	EndProjectSection
EndProject
Project("{2150E333-8FDC-42A3-9474-1A3956D46DE8}") = "Example", "Example", "{1A0897F7-6692-470A-8FD1-024796F86AF3}"
	ProjectSection(SolutionItems) = preProject
		Example\docker-compose.yml = Example\docker-compose.yml
		Example\README.md = Example\README.md
	EndProjectSection
EndProject
Project("{2150E333-8FDC-42A3-9474-1A3956D46DE8}") = "conf", "conf", "{2E3B7AF9-7BEB-4172-ADB8-1EA6A46CF6EA}"
	ProjectSection(SolutionItems) = preProject
		Example\conf\parsers.conf = Example\conf\parsers.conf
		Example\conf\fluent-bit.conf = Example\conf\fluent-bit.conf
	EndProjectSection
EndProject
Global
	GlobalSection(SolutionConfigurationPlatforms) = preSolution
		Debug|Any CPU = Debug|Any CPU
		Release|Any CPU = Release|Any CPU
	EndGlobalSection
	GlobalSection(ProjectConfigurationPlatforms) = postSolution
		{E980004A-51E5-41E9-864D-B2BD941B1328}.Debug|Any CPU.ActiveCfg = Debug|Any CPU
		{E980004A-51E5-41E9-864D-B2BD941B1328}.Debug|Any CPU.Build.0 = Debug|Any CPU
		{E980004A-51E5-41E9-864D-B2BD941B1328}.Release|Any CPU.ActiveCfg = Release|Any CPU
		{E980004A-51E5-41E9-864D-B2BD941B1328}.Release|Any CPU.Build.0 = Release|Any CPU
	EndGlobalSection
	GlobalSection(SolutionProperties) = preSolution
		HideSolutionNode = FALSE
	EndGlobalSection
	GlobalSection(ExtensibilityGlobals) = postSolution
		SolutionGuid = {63770766-D0FF-4B15-ABDA-F42414DB9BFF}
	EndGlobalSection
	GlobalSection(NestedProjects) = preSolution
		{2E3B7AF9-7BEB-4172-ADB8-1EA6A46CF6EA} = {1A0897F7-6692-470A-8FD1-024796F86AF3}
	EndGlobalSection
EndGlobal
